
Microsoft Visual Studio Solution File, Format Version 12.00
# Visual Studio 2013
VisualStudioVersion = 12.0.31101.0
MinimumVisualStudioVersion = 10.0.40219.1
Project("{FAE04EC0-301F-11D3-BF4B-00C04F79EFBC}") = "DebonairDev", "DebonairDev\DebonairDev.csproj", "{C7C6BB64-AF7A-4EED-8E07-270C7C40F671}"
EndProject
Project("{2150E333-8FDC-42A3-9474-1A3956D46DE8}") = "PublishScripts", "PublishScripts", "{C69E038D-9405-431D-BE89-70093B06C5F8}"
	ProjectSection(SolutionItems) = preProject
		PublishScripts\AzureWebsitePublishModule.psm1 = PublishScripts\AzureWebsitePublishModule.psm1
		PublishScripts\Publish-WebApplicationWebsite.ps1 = PublishScripts\Publish-WebApplicationWebsite.ps1
	EndProjectSection
EndProject
Project("{2150E333-8FDC-42A3-9474-1A3956D46DE8}") = "Configurations", "Configurations", "{675C8096-AFD9-4C7B-BB60-DF25B9C12D69}"
	ProjectSection(SolutionItems) = preProject
		PublishScripts\Configurations\DebonairDev-WAWS-dev.json = PublishScripts\Configurations\DebonairDev-WAWS-dev.json
	EndProjectSection
EndProject
Global
	GlobalSection(SolutionConfigurationPlatforms) = preSolution
		Debug|Any CPU = Debug|Any CPU
		Release|Any CPU = Release|Any CPU
	EndGlobalSection
	GlobalSection(ProjectConfigurationPlatforms) = postSolution
		{C7C6BB64-AF7A-4EED-8E07-270C7C40F671}.Debug|Any CPU.ActiveCfg = Debug|Any CPU
		{C7C6BB64-AF7A-4EED-8E07-270C7C40F671}.Debug|Any CPU.Build.0 = Debug|Any CPU
		{C7C6BB64-AF7A-4EED-8E07-270C7C40F671}.Release|Any CPU.ActiveCfg = Release|Any CPU
		{C7C6BB64-AF7A-4EED-8E07-270C7C40F671}.Release|Any CPU.Build.0 = Release|Any CPU
	EndGlobalSection
	GlobalSection(SolutionProperties) = preSolution
		HideSolutionNode = FALSE
	EndGlobalSection
	GlobalSection(NestedProjects) = preSolution
		{675C8096-AFD9-4C7B-BB60-DF25B9C12D69} = {C69E038D-9405-431D-BE89-70093B06C5F8}
	EndGlobalSection
EndGlobal
